
Microsoft Visual Studio Solution File, Format Version 12.00
# Visual Studio 15
VisualStudioVersion = 15.0.28307.572
MinimumVisualStudioVersion = 10.0.40219.1
Project("{FAE04EC0-301F-11D3-BF4B-00C04F79EFBC}") = "Charter.Android", "Charter.Android\Charter.Android.csproj", "{B255B797-8EA7-42BE-8E82-4775CA045A64}"
EndProject
Project("{FAE04EC0-301F-11D3-BF4B-00C04F79EFBC}") = "Charter", "Charter\Charter.csproj", "{6462E770-DF41-4344-97EB-E59E8BB90DAB}"
EndProject
Global
	GlobalSection(SolutionConfigurationPlatforms) = preSolution
		Debug|Any CPU = Debug|Any CPU
		Release|Any CPU = Release|Any CPU
	EndGlobalSection
	GlobalSection(ProjectConfigurationPlatforms) = postSolution
		{B255B797-8EA7-42BE-8E82-4775CA045A64}.Debug|Any CPU.ActiveCfg = Debug|Any CPU
		{B255B797-8EA7-42BE-8E82-4775CA045A64}.Debug|Any CPU.Build.0 = Debug|Any CPU
		{B255B797-8EA7-42BE-8E82-4775CA045A64}.Debug|Any CPU.Deploy.0 = Debug|Any CPU
		{B255B797-8EA7-42BE-8E82-4775CA045A64}.Release|Any CPU.ActiveCfg = Release|Any CPU
		{B255B797-8EA7-42BE-8E82-4775CA045A64}.Release|Any CPU.Build.0 = Release|Any CPU
		{B255B797-8EA7-42BE-8E82-4775CA045A64}.Release|Any CPU.Deploy.0 = Release|Any CPU
		{6462E770-DF41-4344-97EB-E59E8BB90DAB}.Debug|Any CPU.ActiveCfg = Debug|Any CPU
		{6462E770-DF41-4344-97EB-E59E8BB90DAB}.Debug|Any CPU.Build.0 = Debug|Any CPU
		{6462E770-DF41-4344-97EB-E59E8BB90DAB}.Release|Any CPU.ActiveCfg = Release|Any CPU
		{6462E770-DF41-4344-97EB-E59E8BB90DAB}.Release|Any CPU.Build.0 = Release|Any CPU
	EndGlobalSection
	GlobalSection(SolutionProperties) = preSolution
		HideSolutionNode = FALSE
	EndGlobalSection
	GlobalSection(ExtensibilityGlobals) = postSolution
		SolutionGuid = {D049AD11-9620-451A-BA07-6B5A1D54843B}
	EndGlobalSection
EndGlobal
